<?xml version="1.0" encoding="utf-8"?>
<Project ToolsVersion="4.0" xmlns="http://schemas.microsoft.com/developer/msbuild/2003">
  <ItemGroup>
    <ClCompile Include="Body.cpp" />
    <ClCompile Include="rand_float.cpp" />
    <ClCompile Include="universe.cpp" />
    <ClCompile Include="View.cpp" />
    <ClCompile Include="Button.cpp">
      <Filter>UI</Filter>
    </ClCompile>
    <ClCompile Include="CheckBoxList.cpp">
      <Filter>UI</Filter>
    </ClCompile>
    <ClCompile Include="Scene.cpp">
      <Filter>Scenes</Filter>
    </ClCompile>
    <ClCompile Include="SettingsScene.cpp">
      <Filter>Scenes</Filter>
    </ClCompile>
    <ClCompile Include="SimulationScene.cpp">
      <Filter>Scenes</Filter>
    </ClCompile>
    <ClCompile Include="QuadTree.cpp">
      <Filter>Partitioning</Filter>
    </ClCompile>
    <ClCompile Include="TextBox.cpp">
      <Filter>UI</Filter>
    </ClCompile>
  </ItemGroup>
  <ItemGroup>
    <ClInclude Include="Body.h" />
    <ClInclude Include="rand_float.h" />
    <ClInclude Include="universe.h" />
    <ClInclude Include="Button.h">
      <Filter>UI</Filter>
    </ClInclude>
    <ClInclude Include="CheckBoxList.h">
      <Filter>UI</Filter>
    </ClInclude>
    <ClInclude Include="Scene.h">
      <Filter>Scenes</Filter>
    </ClInclude>
    <ClInclude Include="SettingsScene.h">
      <Filter>Scenes</Filter>
    </ClInclude>
    <ClInclude Include="SimulationScene.h">
      <Filter>Scenes</Filter>
    </ClInclude>
    <ClInclude Include="QuadTree.h">
      <Filter>Partitioning</Filter>
    </ClInclude>
    <ClInclude Include="SpatialPartitioning.h">
      <Filter>Partitioning</Filter>
    </ClInclude>
    <ClInclude Include="TextBox.h">
      <Filter>UI</Filter>
    </ClInclude>
    <ClInclude Include="UIElement.h">
      <Filter>UI</Filter>
    </ClInclude>
  </ItemGroup>
  <ItemGroup>
    <Filter Include="UI">
      <UniqueIdentifier>{1abb6bb6-35cb-4c7f-bf7e-d0d2538743bc}</UniqueIdentifier>
    </Filter>
    <Filter Include="Partitioning">
      <UniqueIdentifier>{d3442460-e4ff-4b0c-bd5b-1e1873f15dd2}</UniqueIdentifier>
    </Filter>
    <Filter Include="Scenes">
      <UniqueIdentifier>{be4d922f-a108-4669-ada8-d2cc4ea1c65b}</UniqueIdentifier>
    </Filter>
  </ItemGroup>
</Project>